
Microsoft Visual Studio Solution File, Format Version 12.00
# Visual Studio Version 16
Project("{8BC9CEB8-8B4A-11D0-8D11-00A0C91BC942}") = "ALL_BUILD", "ALL_BUILD.vcxproj", "{8F2588C7-3260-3F36-B172-CA794C037B51}"
	ProjectSection(ProjectDependencies) = postProject
		{ED182D54-37D7-3743-9868-3F3F654A9227} = {ED182D54-37D7-3743-9868-3F3F654A9227}
	EndProjectSection
EndProject
Project("{8BC9CEB8-8B4A-11D0-8D11-00A0C91BC942}") = "GStreamerUnityPlugin", "GStreamerUnityPlugin.vcxproj", "{ED182D54-37D7-3743-9868-3F3F654A9227}"
	ProjectSection(ProjectDependencies) = postProject
	EndProjectSection
EndProject
Global
	GlobalSection(SolutionConfigurationPlatforms) = preSolution
		Debug|x64 = Debug|x64
		Release|x64 = Release|x64
		MinSizeRel|x64 = MinSizeRel|x64
		RelWithDebInfo|x64 = RelWithDebInfo|x64
	EndGlobalSection
	GlobalSection(ProjectConfigurationPlatforms) = postSolution
		{8F2588C7-3260-3F36-B172-CA794C037B51}.Debug|x64.ActiveCfg = Debug|x64
		{8F2588C7-3260-3F36-B172-CA794C037B51}.Release|x64.ActiveCfg = Release|x64
		{8F2588C7-3260-3F36-B172-CA794C037B51}.MinSizeRel|x64.ActiveCfg = MinSizeRel|x64
		{8F2588C7-3260-3F36-B172-CA794C037B51}.RelWithDebInfo|x64.ActiveCfg = RelWithDebInfo|x64
		{ED182D54-37D7-3743-9868-3F3F654A9227}.Debug|x64.ActiveCfg = Debug|x64
		{ED182D54-37D7-3743-9868-3F3F654A9227}.Debug|x64.Build.0 = Debug|x64
		{ED182D54-37D7-3743-9868-3F3F654A9227}.Release|x64.ActiveCfg = Release|x64
		{ED182D54-37D7-3743-9868-3F3F654A9227}.Release|x64.Build.0 = Release|x64
		{ED182D54-37D7-3743-9868-3F3F654A9227}.MinSizeRel|x64.ActiveCfg = MinSizeRel|x64
		{ED182D54-37D7-3743-9868-3F3F654A9227}.MinSizeRel|x64.Build.0 = MinSizeRel|x64
		{ED182D54-37D7-3743-9868-3F3F654A9227}.RelWithDebInfo|x64.ActiveCfg = RelWithDebInfo|x64
		{ED182D54-37D7-3743-9868-3F3F654A9227}.RelWithDebInfo|x64.Build.0 = RelWithDebInfo|x64
	EndGlobalSection
	GlobalSection(ExtensibilityGlobals) = postSolution
		SolutionGuid = {5836510E-ECEF-306A-A885-C727F660E55B}
	EndGlobalSection
	GlobalSection(ExtensibilityAddIns) = postSolution
	EndGlobalSection
EndGlobal
